dependencies:
  espressif/button:
    component_hash: 1f5297fe16f0ee988dbb14b6f4c91782fe2baf85025bb15cc1e0093edd3fb2ee
    source:
      service_url: https://api.components.espressif.com/
      type: service
    version: 3.2.0
  espressif/cmake_utilities:
    component_hash: 351350613ceafba240b761b4ea991e0f231ac7a9f59a9ee901f751bddc0bb18f
    source:
      service_url: https://api.components.espressif.com/
      type: service
    version: 0.5.3
  espressif/esp_ot_cli_extension:
    component_hash: 50c6bc4e5e418abc9f7d54e4350299281accb93150dc0551d26f6b830089c77f
    source:
      service_url: https://api.components.espressif.com/
      type: service
    version: 1.1.0
  espressif/pcap:
    component_hash: 0c7b9f33628e4f2e6c0906207df0b666198bc90127c04002fc9c5b2f010ce949
    source:
      service_url: https://api.components.espressif.com/
      type: service
    version: 1.0.2
  idf:
    component_hash: null
    source:
      type: idf
    version: 5.3.0
  iperf:
    component_hash: null
    source:
      path: /home/robertoarellanosegovia/Documents/ElectronicCats/Minino/examples/ESP-IDF/minino/components/iperf
      type: local
    version: '*'
manifest_hash: a007955d3cf8866cff5d7b5cf6324b37f591c848fc3298985fcfa773689990d2
target: esp32c6
version: 1.0.0
